// !$*UTF8*$!
{
	archiveVersion = 1;
	classes = {
	};
	objectVersion = 55;
	objects = {

/* Begin PBXBuildFile section */
		DC06E0D32959C38500B80A5F /* LiquidShape.swift in Sources */ = {isa = PBXBuildFile; fileRef = DC06E0D22959C38500B80A5F /* LiquidShape.swift */; };
		DC302A13292F79D0001BE38F /* iOnboardingApp.swift in Sources */ = {isa = PBXBuildFile; fileRef = DC302A12292F79D0001BE38F /* iOnboardingApp.swift */; };
		DC302A15292F79D0001BE38F /* ContentView.swift in Sources */ = {isa = PBXBuildFile; fileRef = DC302A14292F79D0001BE38F /* ContentView.swift */; };
		DC302A17292F79D1001BE38F /* Assets.xcassets in Resources */ = {isa = PBXBuildFile; fileRef = DC302A16292F79D1001BE38F /* Assets.xcassets */; };
		DC302A1A292F79D1001BE38F /* Preview Assets.xcassets in Resources */ = {isa = PBXBuildFile; fileRef = DC302A19292F79D1001BE38F /* Preview Assets.xcassets */; };
		DC302A23292F7C7B001BE38F /* OnboardingScreen.swift in Sources */ = {isa = PBXBuildFile; fileRef = DC302A22292F7C7B001BE38F /* OnboardingScreen.swift */; };
		DC302A27292F7DEB001BE38F /* HomeView.swift in Sources */ = {isa = PBXBuildFile; fileRef = DC302A26292F7DEB001BE38F /* HomeView.swift */; };
		DC302A2A292F809E001BE38F /* View.swift in Sources */ = {isa = PBXBuildFile; fileRef = DC302A29292F809E001BE38F /* View.swift */; };
/* End PBXBuildFile section */

/* Begin PBXFileReference section */
		DC06E0D22959C38500B80A5F /* LiquidShape.swift */ = {isa = PBXFileReference; lastKnownFileType = sourcecode.swift; path = LiquidShape.swift; sourceTree = "<group>"; };
		DC302A0F292F79D0001BE38F /* iOnboarding.app */ = {isa = PBXFileReference; explicitFileType = wrapper.application; includeInIndex = 0; path = iOnboarding.app; sourceTree = BUILT_PRODUCTS_DIR; };
		DC302A12292F79D0001BE38F /* iOnboardingApp.swift */ = {isa = PBXFileReference; lastKnownFileType = sourcecode.swift; path = iOnboardingApp.swift; sourceTree = "<group>"; };
		DC302A14292F79D0001BE38F /* ContentView.swift */ = {isa = PBXFileReference; lastKnownFileType = sourcecode.swift; path = ContentView.swift; sourceTree = "<group>"; };
		DC302A16292F79D1001BE38F /* Assets.xcassets */ = {isa = PBXFileReference; lastKnownFileType = folder.assetcatalog; path = Assets.xcassets; sourceTree = "<group>"; };
		DC302A19292F79D1001BE38F /* Preview Assets.xcassets */ = {isa = PBXFileReference; lastKnownFileType = folder.assetcatalog; path = "Preview Assets.xcassets"; sourceTree = "<group>"; };
		DC302A22292F7C7B001BE38F /* OnboardingScreen.swift */ = {isa = PBXFileReference; lastKnownFileType = sourcecode.swift; path = OnboardingScreen.swift; sourceTree = "<group>"; };
		DC302A26292F7DEB001BE38F /* HomeView.swift */ = {isa = PBXFileReference; lastKnownFileType = sourcecode.swift; path = HomeView.swift; sourceTree = "<group>"; };
		DC302A29292F809E001BE38F /* View.swift */ = {isa = PBXFileReference; lastKnownFileType = sourcecode.swift; path = View.swift; sourceTree = "<group>"; };
/* End PBXFileReference section */

/* Begin PBXFrameworksBuildPhase section */
		DC302A0C292F79D0001BE38F /* Frameworks */ = {
			isa = PBXFrameworksBuildPhase;
			buildActionMask = 2147483647;
			files = (
			);
			runOnlyForDeploymentPostprocessing = 0;
		};
/* End PBXFrameworksBuildPhase section */

/* Begin PBXGroup section */
		DC06E0D42959C3B100B80A5F /* Shape */ = {
			isa = PBXGroup;
			children = (
				DC06E0D22959C38500B80A5F /* LiquidShape.swift */,
			);
			path = Shape;
			sourceTree = "<group>";
		};
		DC302A06292F79CF001BE38F = {
			isa = PBXGroup;
			children = (
				DC302A11292F79D0001BE38F /* iOnboarding */,
				DC302A10292F79D0001BE38F /* Products */,
			);
			sourceTree = "<group>";
		};
		DC302A10292F79D0001BE38F /* Products */ = {
			isa = PBXGroup;
			children = (
				DC302A0F292F79D0001BE38F /* iOnboarding.app */,
			);
			name = Products;
			sourceTree = "<group>";
		};
		DC302A11292F79D0001BE38F /* iOnboarding */ = {
			isa = PBXGroup;
			children = (
				DC302A28292F8092001BE38F /* Extension */,
				DC302A21292F7C39001BE38F /* Model */,
				DC302A20292F7C33001BE38F /* View */,
				DC302A12292F79D0001BE38F /* iOnboardingApp.swift */,
				DC302A16292F79D1001BE38F /* Assets.xcassets */,
				DC302A18292F79D1001BE38F /* Preview Content */,
			);
			path = iOnboarding;
			sourceTree = "<group>";
		};
		DC302A18292F79D1001BE38F /* Preview Content */ = {
			isa = PBXGroup;
			children = (
				DC302A19292F79D1001BE38F /* Preview Assets.xcassets */,
			);
			path = "Preview Content";
			sourceTree = "<group>";
		};
		DC302A20292F7C33001BE38F /* View */ = {
			isa = PBXGroup;
			children = (
				DC06E0D42959C3B100B80A5F /* Shape */,
				DC302A14292F79D0001BE38F /* ContentView.swift */,
				DC302A26292F7DEB001BE38F /* HomeView.swift */,
			);
			path = View;
			sourceTree = "<group>";
		};
		DC302A21292F7C39001BE38F /* Model */ = {
			isa = PBXGroup;
			children = (
				DC302A22292F7C7B001BE38F /* OnboardingScreen.swift */,
			);
			path = Model;
			sourceTree = "<group>";
		};
		DC302A28292F8092001BE38F /* Extension */ = {
			isa = PBXGroup;
			children = (
				DC302A29292F809E001BE38F /* View.swift */,
			);
			path = Extension;
			sourceTree = "<group>";
		};
/* End PBXGroup section */

/* Begin PBXNativeTarget section */
		DC302A0E292F79D0001BE38F /* iOnboarding */ = {
			isa = PBXNativeTarget;
			buildConfigurationList = DC302A1D292F79D1001BE38F /* Build configuration list for PBXNativeTarget "iOnboarding" */;
			buildPhases = (
				DC302A0B292F79D0001BE38F /* Sources */,
				DC302A0C292F79D0001BE38F /* Frameworks */,
				DC302A0D292F79D0001BE38F /* Resources */,
			);
			buildRules = (
			);
			dependencies = (
			);
			name = iOnboarding;
			productName = iOnboarding;
			productReference = DC302A0F292F79D0001BE38F /* iOnboarding.app */;
			productType = "com.apple.product-type.application";
		};
/* End PBXNativeTarget section */

/* Begin PBXProject section */
		DC302A07292F79CF001BE38F /* Project object */ = {
			isa = PBXProject;
			attributes = {
				BuildIndependentTargetsInParallel = 1;
				LastSwiftUpdateCheck = 1320;
				LastUpgradeCheck = 1320;
				TargetAttributes = {
					DC302A0E292F79D0001BE38F = {
						CreatedOnToolsVersion = 13.2;
					};
				};
			};
			buildConfigurationList = DC302A0A292F79CF001BE38F /* Build configuration list for PBXProject "iOnboarding" */;
			compatibilityVersion = "Xcode 13.0";
			developmentRegion = en;
			hasScannedForEncodings = 0;
			knownRegions = (
				en,
				Base,
			);
			mainGroup = DC302A06292F79CF001BE38F;
			productRefGroup = DC302A10292F79D0001BE38F /* Products */;
			projectDirPath = "";
			projectRoot = "";
			targets = (
				DC302A0E292F79D0001BE38F /* iOnboarding */,
			);
		};
/* End PBXProject section */

/* Begin PBXResourcesBuildPhase section */
		DC302A0D292F79D0001BE38F /* Resources */ = {
			isa = PBXResourcesBuildPhase;
			buildActionMask = 2147483647;
			files = (
				DC302A1A292F79D1001BE38F /* Preview Assets.xcassets in Resources */,
				DC302A17292F79D1001BE38F /* Assets.xcassets in Resources */,
			);
			runOnlyForDeploymentPostprocessing = 0;
		};
/* End PBXResourcesBuildPhase section */

/* Begin PBXSourcesBuildPhase section */
		DC302A0B292F79D0001BE38F /* Sources */ = {
			isa = PBXSourcesBuildPhase;
			buildActionMask = 2147483647;
			files = (
				DC302A15292F79D0001BE38F /* ContentView.swift in Sources */,
				DC302A13292F79D0001BE38F /* iOnboardingApp.swift in Sources */,
				DC302A2A292F809E001BE38F /* View.swift in Sources */,
				DC302A27292F7DEB001BE38F /* HomeView.swift in Sources */,
				DC302A23292F7C7B001BE38F /* OnboardingScreen.swift in Sources */,
				DC06E0D32959C38500B80A5F /* LiquidShape.swift in Sources */,
			);
			runOnlyForDeploymentPostprocessing = 0;
		};
/* End PBXSourcesBuildPhase section */

/* Begin XCBuildConfiguration section */
		DC302A1B292F79D1001BE38F /* Debug */ = {
			isa = XCBuildConfiguration;
			buildSettings = {
				ALWAYS_SEARCH_USER_PATHS = NO;
				CLANG_ANALYZER_NONNULL = YES;
				CLANG_ANALYZER_NUMBER_OBJECT_CONVERSION = YES_AGGRESSIVE;
				CLANG_CXX_LANGUAGE_STANDARD = "gnu++17";
				CLANG_CXX_LIBRARY = "libc++";
				CLANG_ENABLE_MODULES = YES;
				CLANG_ENABLE_OBJC_ARC = YES;
				CLANG_ENABLE_OBJC_WEAK = YES;
				CLANG_WARN_BLOCK_CAPTURE_AUTORELEASING = YES;
				CLANG_WARN_BOOL_CONVERSION = YES;
				CLANG_WARN_COMMA = YES;
				CLANG_WARN_CONSTANT_CONVERSION = YES;
				CLANG_WARN_DEPRECATED_OBJC_IMPLEMENTATIONS = YES;
				CLANG_WARN_DIRECT_OBJC_ISA_USAGE = YES_ERROR;
				CLANG_WARN_DOCUMENTATION_COMMENTS = YES;
				CLANG_WARN_EMPTY_BODY = YES;
				CLANG_WARN_ENUM_CONVERSION = YES;
				CLANG_WARN_INFINITE_RECURSION = YES;
				CLANG_WARN_INT_CONVERSION = YES;
				CLANG_WARN_NON_LITERAL_NULL_CONVERSION = YES;
				CLANG_WARN_OBJC_IMPLICIT_RETAIN_SELF = YES;
				CLANG_WARN_OBJC_LITERAL_CONVERSION = YES;
				CLANG_WARN_OBJC_ROOT_CLASS = YES_ERROR;
				CLANG_WARN_QUOTED_INCLUDE_IN_FRAMEWORK_HEADER = YES;
				CLANG_WARN_RANGE_LOOP_ANALYSIS = YES;
				CLANG_WARN_STRICT_PROTOTYPES = YES;
				CLANG_WARN_SUSPICIOUS_MOVE = YES;
				CLANG_WARN_UNGUARDED_AVAILABILITY = YES_AGGRESSIVE;
				CLANG_WARN_UNREACHABLE_CODE = YES;
				CLANG_WARN__DUPLICATE_METHOD_MATCH = YES;
				COPY_PHASE_STRIP = NO;
				DEBUG_INFORMATION_FORMAT = dwarf;
				ENABLE_STRICT_OBJC_MSGSEND = YES;
				ENABLE_TESTABILITY = YES;
				GCC_C_LANGUAGE_STANDARD = gnu11;
				GCC_DYNAMIC_NO_PIC = NO;
				GCC_NO_COMMON_BLOCKS = YES;
				GCC_OPTIMIZATION_LEVEL = 0;
				GCC_PREPROCESSOR_DEFINITIONS = (
					"DEBUG=1",
					"$(inherited)",
				);
				GCC_WARN_64_TO_32_BIT_CONVERSION = YES;
				GCC_WARN_ABOUT_RETURN_TYPE = YES_ERROR;
				GCC_WARN_UNDECLARED_SELECTOR = YES;
				GCC_WARN_UNINITIALIZED_AUTOS = YES_AGGRESSIVE;
				GCC_WARN_UNUSED_FUNCTION = YES;
				GCC_WARN_UNUSED_VARIABLE = YES;
				IPHONEOS_DEPLOYMENT_TARGET = 15.2;
				MTL_ENABLE_DEBUG_INFO = INCLUDE_SOURCE;
				MTL_FAST_MATH = YES;
				ONLY_ACTIVE_ARCH = YES;
				SDKROOT = iphoneos;
				SWIFT_ACTIVE_COMPILATION_CONDITIONS = DEBUG;
				SWIFT_OPTIMIZATION_LEVEL = "-Onone";
			};
			name = Debug;
		};
		DC302A1C292F79D1001BE38F /* Release */ = {
			isa = XCBuildConfiguration;
			buildSettings = {
				ALWAYS_SEARCH_USER_PATHS = NO;
				CLANG_ANALYZER_NONNULL = YES;
				CLANG_ANALYZER_NUMBER_OBJECT_CONVERSION = YES_AGGRESSIVE;
				CLANG_CXX_LANGUAGE_STANDARD = "gnu++17";
				CLANG_CXX_LIBRARY = "libc++";
				CLANG_ENABLE_MODULES = YES;
				CLANG_ENABLE_OBJC_ARC = YES;
				CLANG_ENABLE_OBJC_WEAK = YES;
				CLANG_WARN_BLOCK_CAPTURE_AUTORELEASING = YES;
				CLANG_WARN_BOOL_CONVERSION = YES;
				CLANG_WARN_COMMA = YES;
				CLANG_WARN_CONSTANT_CONVERSION = YES;
				CLANG_WARN_DEPRECATED_OBJC_IMPLEMENTATIONS = YES;
				CLANG_WARN_DIRECT_OBJC_ISA_USAGE = YES_ERROR;
				CLANG_WARN_DOCUMENTATION_COMMENTS = YES;
				CLANG_WARN_EMPTY_BODY = YES;
				CLANG_WARN_ENUM_CONVERSION = YES;
				CLANG_WARN_INFINITE_RECURSION = YES;
				CLANG_WARN_INT_CONVERSION = YES;
				CLANG_WARN_NON_LITERAL_NULL_CONVERSION = YES;
				CLANG_WARN_OBJC_IMPLICIT_RETAIN_SELF = YES;
				CLANG_WARN_OBJC_LITERAL_CONVERSION = YES;
				CLANG_WARN_OBJC_ROOT_CLASS = YES_ERROR;
				CLANG_WARN_QUOTED_INCLUDE_IN_FRAMEWORK_HEADER = YES;
				CLANG_WARN_RANGE_LOOP_ANALYSIS = YES;
				CLANG_WARN_STRICT_PROTOTYPES = YES;
				CLANG_WARN_SUSPICIOUS_MOVE = YES;
				CLANG_WARN_UNGUARDED_AVAILABILITY = YES_AGGRESSIVE;
				CLANG_WARN_UNREACHABLE_CODE = YES;
				CLANG_WARN__DUPLICATE_METHOD_MATCH = YES;
				COPY_PHASE_STRIP = NO;
				DEBUG_INFORMATION_FORMAT = "dwarf-with-dsym";
				ENABLE_NS_ASSERTIONS = NO;
				ENABLE_STRICT_OBJC_MSGSEND = YES;
				GCC_C_LANGUAGE_STANDARD = gnu11;
				GCC_NO_COMMON_BLOCKS = YES;
				GCC_WARN_64_TO_32_BIT_CONVERSION = YES;
				GCC_WARN_ABOUT_RETURN_TYPE = YES_ERROR;
				GCC_WARN_UNDECLARED_SELECTOR = YES;
				GCC_WARN_UNINITIALIZED_AUTOS = YES_AGGRESSIVE;
				GCC_WARN_UNUSED_FUNCTION = YES;
				GCC_WARN_UNUSED_VARIABLE = YES;
				IPHONEOS_DEPLOYMENT_TARGET = 15.2;
				MTL_ENABLE_DEBUG_INFO = NO;
				MTL_FAST_MATH = YES;
				SDKROOT = iphoneos;
				SWIFT_COMPILATION_MODE = wholemodule;
				SWIFT_OPTIMIZATION_LEVEL = "-O";
				VALIDATE_PRODUCT = YES;
			};
			name = Release;
		};
		DC302A1E292F79D1001BE38F /* Debug */ = {
			isa = XCBuildConfiguration;
			buildSettings = {
				ASSETCATALOG_COMPILER_APPICON_NAME = AppIcon;
				ASSETCATALOG_COMPILER_GLOBAL_ACCENT_COLOR_NAME = AccentColor;
				CODE_SIGN_STYLE = Automatic;
				CURRENT_PROJECT_VERSION = 1;
				DEVELOPMENT_ASSET_PATHS = "\"iOnboarding/Preview Content\"";
				DEVELOPMENT_TEAM = 68KAR324PF;
				ENABLE_PREVIEWS = YES;
				GENERATE_INFOPLIST_FILE = YES;
				INFOPLIST_KEY_UIApplicationSceneManifest_Generation = YES;
				INFOPLIST_KEY_UIApplicationSupportsIndirectInputEvents = YES;
				INFOPLIST_KEY_UILaunchScreen_Generation = YES;
				INFOPLIST_KEY_UISupportedInterfaceOrientations_iPad = "UIInterfaceOrientationPortrait UIInterfaceOrientationPortraitUpsideDown UIInterfaceOrientationLandscapeLeft UIInterfaceOrientationLandscapeRight";
				INFOPLIST_KEY_UISupportedInterfaceOrientations_iPhone = "UIInterfaceOrientationPortrait UIInterfaceOrientationLandscapeLeft UIInterfaceOrientationLandscapeRight";
				LD_RUNPATH_SEARCH_PATHS = (
					"$(inherited)",
					"@executable_path/Frameworks",
				);
				MARKETING_VERSION = 1.0;
				PRODUCT_BUNDLE_IDENTIFIER = com.hues0s.iOnboarding;
				PRODUCT_NAME = "$(TARGET_NAME)";
				SWIFT_EMIT_LOC_STRINGS = YES;
				SWIFT_VERSION = 5.0;
				TARGETED_DEVICE_FAMILY = "1,2";
			};
			name = Debug;
		};
		DC302A1F292F79D1001BE38F /* Release */ = {
			isa = XCBuildConfiguration;
			buildSettings = {
				ASSETCATALOG_COMPILER_APPICON_NAME = AppIcon;
				ASSETCATALOG_COMPILER_GLOBAL_ACCENT_COLOR_NAME = AccentColor;
				CODE_SIGN_STYLE = Automatic;
				CURRENT_PROJECT_VERSION = 1;
				DEVELOPMENT_ASSET_PATHS = "\"iOnboarding/Preview Content\"";
				DEVELOPMENT_TEAM = 68KAR324PF;
				ENABLE_PREVIEWS = YES;
				GENERATE_INFOPLIST_FILE = YES;
				INFOPLIST_KEY_UIApplicationSceneManifest_Generation = YES;
				INFOPLIST_KEY_UIApplicationSupportsIndirectInputEvents = YES;
				INFOPLIST_KEY_UILaunchScreen_Generation = YES;
				INFOPLIST_KEY_UISupportedInterfaceOrientations_iPad = "UIInterfaceOrientationPortrait UIInterfaceOrientationPortraitUpsideDown UIInterfaceOrientationLandscapeLeft UIInterfaceOrientationLandscapeRight";
				INFOPLIST_KEY_UISupportedInterfaceOrientations_iPhone = "UIInterfaceOrientationPortrait UIInterfaceOrientationLandscapeLeft UIInterfaceOrientationLandscapeRight";
				LD_RUNPATH_SEARCH_PATHS = (
					"$(inherited)",
					"@executable_path/Frameworks",
				);
				MARKETING_VERSION = 1.0;
				PRODUCT_BUNDLE_IDENTIFIER = com.hues0s.iOnboarding;
				PRODUCT_NAME = "$(TARGET_NAME)";
				SWIFT_EMIT_LOC_STRINGS = YES;
				SWIFT_VERSION = 5.0;
				TARGETED_DEVICE_FAMILY = "1,2";
			};
			name = Release;
		};
/* End XCBuildConfiguration section */

/* Begin XCConfigurationList section */
		DC302A0A292F79CF001BE38F /* Build configuration list for PBXProject "iOnboarding" */ = {
			isa = XCConfigurationList;
			buildConfigurations = (
				DC302A1B292F79D1001BE38F /* Debug */,
				DC302A1C292F79D1001BE38F /* Release */,
			);
			defaultConfigurationIsVisible = 0;
			defaultConfigurationName = Release;
		};
		DC302A1D292F79D1001BE38F /* Build configuration list for PBXNativeTarget "iOnboarding" */ = {
			isa = XCConfigurationList;
			buildConfigurations = (
				DC302A1E292F79D1001BE38F /* Debug */,
				DC302A1F292F79D1001BE38F /* Release */,
			);
			defaultConfigurationIsVisible = 0;
			defaultConfigurationName = Release;
		};
/* End XCConfigurationList section */
	};
	rootObject = DC302A07292F79CF001BE38F /* Project object */;
}
